
Microsoft Visual Studio Solution File, Format Version 12.00
# Visual Studio Version 17
VisualStudioVersion = 17.13.35919.96 d17.13
MinimumVisualStudioVersion = 10.0.40219.1
Project("{FAE04EC0-301F-11D3-BF4B-00C04F79EFBC}") = "LAB02", "LAB02\LAB02.csproj", "{12D488DF-7B60-474B-B075-A17C6D4B330A}"
EndProject
Global
	GlobalSection(SolutionConfigurationPlatforms) = preSolution
		Debug|Any CPU = Debug|Any CPU
		Release|Any CPU = Release|Any CPU
	EndGlobalSection
	GlobalSection(ProjectConfigurationPlatforms) = postSolution
		{12D488DF-7B60-474B-B075-A17C6D4B330A}.Debug|Any CPU.ActiveCfg = Debug|Any CPU
		{12D488DF-7B60-474B-B075-A17C6D4B330A}.Debug|Any CPU.Build.0 = Debug|Any CPU
		{12D488DF-7B60-474B-B075-A17C6D4B330A}.Release|Any CPU.ActiveCfg = Release|Any CPU
		{12D488DF-7B60-474B-B075-A17C6D4B330A}.Release|Any CPU.Build.0 = Release|Any CPU
	EndGlobalSection
	GlobalSection(SolutionProperties) = preSolution
		HideSolutionNode = FALSE
	EndGlobalSection
	GlobalSection(ExtensibilityGlobals) = postSolution
		SolutionGuid = {EA29CC53-64BE-461E-8A99-45931D732C38}
	EndGlobalSection
EndGlobal
